{
    "_meta": {
        "hash": {
            "sha256": "e116cb958ac31c788eb4eae0741f932e5f1d44e212aedd1b45d573a42ae2b5c4"
        },
        "pipfile-spec": 6,
        "requires": {
            "python_version": "3.6"
        },
        "sources": [
            {
                "name": "pypi",
                "url": "https://pypi.org/simple",
                "verify_ssl": true
            }
        ]
    },
    "default": {
        }
    },
    "develop": {}
}
