{
    "_meta": {
        "hash": {
            "sha256": "a478332921fe5bb98f7df1f5dc0c4308df95b8bd7d329d9ce76ec37d902cac1f"
        },
        "host-environment-markers": {
            "implementation_name": "cpython",
            "implementation_version": "3.6.7",
            "os_name": "posix",
            "platform_machine": "x86_64",
            "platform_python_implementation": "CPython",
            "platform_release": "4.19.6-200.fc28.x86_64",
            "platform_system": "Linux",
            "platform_version": "#1 SMP Sun Dec 2 18:03:32 UTC 2018",
            "python_full_version": "3.6.7",
            "python_version": "3.6",
            "sys_platform": "linux"
        },
        "pipfile-spec": 6,
        "requires": {
            "python_version": "3.6"
        },
        "sources": [
            {
                "name": "pypi",
                "url": "https://pypi.org/simple",
                "verify_ssl": true
            }
        ]
    },
    "default": {
        "3f38040": {
            "file": "https://github.com/UdSAES/FMPy/archive/master.zip"
        },
        "lxml": {
            "hashes": [],
            "version": "==4.2.5"
        },
        "numpy": {
            "hashes": [],
            "version": "==1.15.4"
        },
        "pathlib": {
            "hashes": [],
            "version": "==1.0.1"
        }
    },
    "develop": {}
}
